PODS:
  - Alamofire (4.9.1)
  - ReachabilitySwift (5.0.0)
  - SVProgressHUD (2.2.5)

DEPENDENCIES:
  - Alamofire
  - ReachabilitySwift
  - SVProgressHUD

SPEC REPOS:
  trunk:
    - Alamofire
    - ReachabilitySwift
    - SVProgressHUD

SPEC CHECKSUMS:
  Alamofire: 85e8a02c69d6020a0d734f6054870d7ecb75cf18
  ReachabilitySwift: 985039c6f7b23a1da463388634119492ff86c825
  SVProgressHUD: 1428aafac632c1f86f62aa4243ec12008d7a51d6

PODFILE CHECKSUM: 406948d417762c8680ae5bd9427d7ea50350c098

COCOAPODS: 1.9.3
